PODS:
  - Flutter (1.0.0)
  - flutter_callkit_voximplant (2.1.0):
    - Flutter
  - flutter_local_notifications (0.0.1):
    - Flutter
  - flutter_voximplant (3.8.0):
    - Flutter
    - VoxImplantSDK (= 2.46.12)
  - permission_handler_apple (9.1.1):
    - Flutter
  - shared_preferences_foundation (0.0.1):
    - Flutter
    - FlutterMacOS
  - VoxImplantSDK (2.46.12):
    - VoxImplantSDK/Core (= 2.46.12)
  - VoxImplantSDK/Core (2.46.12):
    - VoxImplantWebRTC (= 93.0.0)
  - VoxImplantWebRTC (93.0.0)

DEPENDENCIES:
  - Flutter (from `Flutter`)
  - flutter_callkit_voximplant (from `.symlinks/plugins/flutter_callkit_voximplant/ios`)
  - flutter_local_notifications (from `.symlinks/plugins/flutter_local_notifications/ios`)
  - flutter_voximplant (from `.symlinks/plugins/flutter_voximplant/ios`)
  - permission_handler_apple (from `.symlinks/plugins/permission_handler_apple/ios`)
  - shared_preferences_foundation (from `.symlinks/plugins/shared_preferences_foundation/darwin`)

SPEC REPOS:
  trunk:
    - VoxImplantSDK
    - VoxImplantWebRTC

EXTERNAL SOURCES:
  Flutter:
    :path: Flutter
  flutter_callkit_voximplant:
    :path: ".symlinks/plugins/flutter_callkit_voximplant/ios"
  flutter_local_notifications:
    :path: ".symlinks/plugins/flutter_local_notifications/ios"
  flutter_voximplant:
    :path: ".symlinks/plugins/flutter_voximplant/ios"
  permission_handler_apple:
    :path: ".symlinks/plugins/permission_handler_apple/ios"
  shared_preferences_foundation:
    :path: ".symlinks/plugins/shared_preferences_foundation/darwin"

SPEC CHECKSUMS:
  Flutter: f04841e97a9d0b0a8025694d0796dd46242b2854
  flutter_callkit_voximplant: 9e1128135757ea8a21ae7bbc06ff4a37e906ccc5
  flutter_local_notifications: 0c0b1ae97e741e1521e4c1629a459d04b9aec743
  flutter_voximplant: 40c3110cc9943047f36fb9847f8803350237480a
  permission_handler_apple: e76247795d700c14ea09e3a2d8855d41ee80a2e6
  shared_preferences_foundation: e2dae3258e06f44cc55f49d42024fd8dd03c590c
  VoxImplantSDK: 577259786bc3da6ed3cf3d4ee1a8e08245c19ce6
  VoxImplantWebRTC: 8ddd8a63d0c20afa604fec22a2552c32b0371974

PODFILE CHECKSUM: 7368163408c647b7eb699d0d788ba6718e18fb8d

COCOAPODS: 1.12.0
